
Microsoft Visual Studio Solution File, Format Version 12.00
# Visual Studio Version 17
VisualStudioVersion = 17.14.36301.6 d17.14
MinimumVisualStudioVersion = 10.0.40219.1
Project("{FAE04EC0-301F-11D3-BF4B-00C04F79EFBC}") = "Parker", "Parker\Parker.csproj", "{438FE8B2-4D47-4E54-8FB0-63B0B82F1F36}"
EndProject
Global
	GlobalSection(SolutionConfigurationPlatforms) = preSolution
		Debug|Any CPU = Debug|Any CPU
		Release|Any CPU = Release|Any CPU
	EndGlobalSection
	GlobalSection(ProjectConfigurationPlatforms) = postSolution
		{438FE8B2-4D47-4E54-8FB0-63B0B82F1F36}.Debug|Any CPU.ActiveCfg = Debug|Any CPU
		{438FE8B2-4D47-4E54-8FB0-63B0B82F1F36}.Debug|Any CPU.Build.0 = Debug|Any CPU
		{438FE8B2-4D47-4E54-8FB0-63B0B82F1F36}.Release|Any CPU.ActiveCfg = Release|Any CPU
		{438FE8B2-4D47-4E54-8FB0-63B0B82F1F36}.Release|Any CPU.Build.0 = Release|Any CPU
	EndGlobalSection
	GlobalSection(SolutionProperties) = preSolution
		HideSolutionNode = FALSE
	EndGlobalSection
	GlobalSection(ExtensibilityGlobals) = postSolution
		SolutionGuid = {C58E4C75-97FF-4E93-8261-82648E8C3306}
	EndGlobalSection
EndGlobal
